
Microsoft Visual Studio Solution File, Format Version 12.00
# Visual Studio Version 17
VisualStudioVersion = 17.6.33829.357
MinimumVisualStudioVersion = 10.0.40219.1
Project("{FAE04EC0-301F-11D3-BF4B-00C04F79EFBC}") = "LinqToSql", "LinqToSql\LinqToSql.csproj", "{A7C60CA3-9AF1-4783-92D3-EC88C1EEAF67}"
EndProject
Global
	GlobalSection(SolutionConfigurationPlatforms) = preSolution
		Debug|Any CPU = Debug|Any CPU
		Release|Any CPU = Release|Any CPU
	EndGlobalSection
	GlobalSection(ProjectConfigurationPlatforms) = postSolution
		{A7C60CA3-9AF1-4783-92D3-EC88C1EEAF67}.Debug|Any CPU.ActiveCfg = Debug|Any CPU
		{A7C60CA3-9AF1-4783-92D3-EC88C1EEAF67}.Debug|Any CPU.Build.0 = Debug|Any CPU
		{A7C60CA3-9AF1-4783-92D3-EC88C1EEAF67}.Release|Any CPU.ActiveCfg = Release|Any CPU
		{A7C60CA3-9AF1-4783-92D3-EC88C1EEAF67}.Release|Any CPU.Build.0 = Release|Any CPU
	EndGlobalSection
	GlobalSection(SolutionProperties) = preSolution
		HideSolutionNode = FALSE
	EndGlobalSection
	GlobalSection(ExtensibilityGlobals) = postSolution
		SolutionGuid = {B8778248-9FE2-42FA-BE69-3719E41B3782}
	EndGlobalSection
EndGlobal
